
Microsoft Visual Studio Solution File, Format Version 12.00
# Visual Studio Version 17
VisualStudioVersion = 17.13.35818.85 d17.13
MinimumVisualStudioVersion = 10.0.40219.1
Project("{FAE04EC0-301F-11D3-BF4B-00C04F79EFBC}") = "AllQuestsCheckmarks-MoreCheckmarks", "AllQuestsCheckmarks-MoreCheckmarks.csproj", "{52610D18-EE50-4355-862B-7B1498DFCACD}"
EndProject
Global
	GlobalSection(SolutionConfigurationPlatforms) = preSolution
		Debug|Any CPU = Debug|Any CPU
		Release|Any CPU = Release|Any CPU
	EndGlobalSection
	GlobalSection(ProjectConfigurationPlatforms) = postSolution
		{52610D18-EE50-4355-862B-7B1498DFCACD}.Debug|Any CPU.ActiveCfg = Debug|Any CPU
		{52610D18-EE50-4355-862B-7B1498DFCACD}.Debug|Any CPU.Build.0 = Debug|Any CPU
		{52610D18-EE50-4355-862B-7B1498DFCACD}.Release|Any CPU.ActiveCfg = Release|Any CPU
		{52610D18-EE50-4355-862B-7B1498DFCACD}.Release|Any CPU.Build.0 = Release|Any CPU
	EndGlobalSection
	GlobalSection(SolutionProperties) = preSolution
		HideSolutionNode = FALSE
	EndGlobalSection
	GlobalSection(ExtensibilityGlobals) = postSolution
		SolutionGuid = {858F2E90-E8FF-4A3A-A779-5B84E2E93353}
	EndGlobalSection
EndGlobal
